<?xml version="1.0" encoding="utf-8"?>
<Project ToolsVersion="4.0" xmlns="http://schemas.microsoft.com/developer/msbuild/2003">
  <ItemGroup>
    <Filter Include="Source Files">
      <UniqueIdentifier>{4FC737F1-C7A5-4376-A066-2A32D752A2FF}</UniqueIdentifier>
      <Extensions>cpp;c;cc;cxx;c++;cppm;ixx;def;odl;idl;hpj;bat;asm;asmx</Extensions>
    </Filter>
    <Filter Include="Header Files">
      <UniqueIdentifier>{93995380-89BD-4b04-88EB-625FBE52EBFB}</UniqueIdentifier>
      <Extensions>h;hh;hpp;hxx;h++;hm;inl;inc;ipp;xsd</Extensions>
    </Filter>
    <Filter Include="Resource Files">
      <UniqueIdentifier>{67DA6AB6-F800-4c08-8B7A-83BB121AAD01}</UniqueIdentifier>
      <Extensions>rc;ico;cur;bmp;dlg;rc2;rct;bin;rgs;gif;jpg;jpeg;jpe;resx;tiff;tif;png;wav;mfcribbon-ms</Extensions>
    </Filter>
  </ItemGroup>
  <ItemGroup>
    <ClCompile Include="SourceEngine\Algorhythms\PerlinNoice\PerlineNoise.cpp">
      <Filter>Source Files</Filter>
    </ClCompile>
    <ClCompile Include="SourceEngine\Assets\Animation\AnimationHandler.cpp">
      <Filter>Source Files</Filter>
    </ClCompile>
    <ClCompile Include="SourceEngine\Assets\Texts\Text.cpp">
      <Filter>Source Files</Filter>
    </ClCompile>
    <ClCompile Include="SourceEngine\System\ECS\EntityManager\EntityManager.cpp">
      <Filter>Source Files</Filter>
    </ClCompile>
    <ClCompile Include="SourceEngine\System\ECS\Systems\Render\RenderSystem.cpp">
      <Filter>Source Files</Filter>
    </ClCompile>
    <ClCompile Include="SourceEngine\System\GameStates\StateMachine.cpp">
      <Filter>Source Files</Filter>
    </ClCompile>
    <ClCompile Include="SourceEngine\System\ThreadPool\ThreadPool.cpp">
      <Filter>Source Files</Filter>
    </ClCompile>
    <ClCompile Include="SourceEngine\Window\Game.cpp">
      <Filter>Source Files</Filter>
    </ClCompile>
    <ClCompile Include="SourceGame\DawnOfTheRats.cpp">
      <Filter>Source Files</Filter>
    </ClCompile>
    <ClCompile Include="SourceGame\World\Generation\Cave\CaveGenerator.cpp">
      <Filter>Source Files</Filter>
    </ClCompile>
    <ClCompile Include="SourceGame\World\Generation\Chunks\Chunk\Chunk.cpp">
      <Filter>Source Files</Filter>
    </ClCompile>
    <ClCompile Include="SourceGame\World\Generation\Chunks\ChunkBuilder\ChunkBuilder.cpp">
      <Filter>Source Files</Filter>
    </ClCompile>
    <ClCompile Include="SourceGame\World\Generation\Chunks\ChunkManager\ChunkManager.cpp">
      <Filter>Source Files</Filter>
    </ClCompile>
    <ClCompile Include="SourceGame\WindowManager\WindowManager.cpp">
      <Filter>Source Files</Filter>
    </ClCompile>
    <ClCompile Include="SourceGame\Player\Player.cpp">
      <Filter>Source Files</Filter>
    </ClCompile>
    <ClCompile Include="SourceGame\MainMenu\MainMenu.cpp">
      <Filter>Source Files</Filter>
    </ClCompile>
    <ClCompile Include="SourceGame\MainMenu\Buttons\Button.cpp">
      <Filter>Source Files</Filter>
    </ClCompile>
    <ClCompile Include="SourceGame\MainMenu\Buttons\ActionButtons\ExitButton.cpp">
      <Filter>Source Files</Filter>
    </ClCompile>
    <ClCompile Include="SourceGame\MainMenu\Buttons\ActionButtons\PlayButton.cpp">
      <Filter>Source Files</Filter>
    </ClCompile>
    <ClCompile Include="SourceGame\GUI\Inventory\Inventory.cpp">
      <Filter>Source Files</Filter>
    </ClCompile>
    <ClCompile Include="SourceGame\GUI\Inventory\Item.cpp">
      <Filter>Source Files</Filter>
    </ClCompile>
    <ClCompile Include="SourceGame\GameManager\GameState\GameLoop.cpp">
      <Filter>Source Files</Filter>
    </ClCompile>
    <ClCompile Include="SourceGame\Entities\Entity.cpp">
      <Filter>Source Files</Filter>
    </ClCompile>
    <ClCompile Include="SourceGame\Entities\EntityCollisionHandler.cpp">
      <Filter>Source Files</Filter>
    </ClCompile>
    <ClCompile Include="SourceGame\Entities\MovableEntity.cpp">
      <Filter>Source Files</Filter>
    </ClCompile>
    <ClCompile Include="SourceEngine\System\ECS\Systems\PlayerInput\PlayerInputSystem.cpp">
      <Filter>Source Files</Filter>
    </ClCompile>
    <ClCompile Include="SourceEngine\System\ECS\Systems\Movement\MovementSystem.cpp">
      <Filter>Source Files</Filter>
    </ClCompile>
    <ClCompile Include="SourceEngine\System\ECS\Systems\Animation\AnimationSystem.cpp">
      <Filter>Source Files</Filter>
    </ClCompile>
    <ClCompile Include="SourceEngine\System\ECS\Systems\Inventory\InventorySystem.cpp">
      <Filter>Source Files</Filter>
    </ClCompile>
    <ClCompile Include="SourceEngine\System\ECS\Systems\Collisions\CollisionSystem.cpp">
      <Filter>Source Files</Filter>
    </ClCompile>
  </ItemGroup>
  <ItemGroup>
    <ClInclude Include="SourceEngine\Algorhythms\PerlinNoice\PerlineNoice.hpp">
      <Filter>Header Files</Filter>
    </ClInclude>
    <ClInclude Include="SourceEngine\Assets\Animation\AnimationHandler.h">
      <Filter>Header Files</Filter>
    </ClInclude>
    <ClInclude Include="SourceEngine\Assets\Sounds\SoundManager.h">
      <Filter>Header Files</Filter>
    </ClInclude>
    <ClInclude Include="SourceEngine\Assets\Texts\Fonts.h">
      <Filter>Header Files</Filter>
    </ClInclude>
    <ClInclude Include="SourceEngine\Assets\Texts\Text.h">
      <Filter>Header Files</Filter>
    </ClInclude>
    <ClInclude Include="SourceEngine\Assets\AssetConfig.h">
      <Filter>Header Files</Filter>
    </ClInclude>
    <ClInclude Include="SourceEngine\Assets\Textures\AssetManager.h">
      <Filter>Header Files</Filter>
    </ClInclude>
    <ClInclude Include="SourceEngine\System\ECS\ComponentManager\ComponentArray.h">
      <Filter>Header Files</Filter>
    </ClInclude>
    <ClInclude Include="SourceEngine\System\ECS\ComponentManager\ComponentManager.h">
      <Filter>Header Files</Filter>
    </ClInclude>
    <ClInclude Include="SourceEngine\System\ECS\Components\Components.h">
      <Filter>Header Files</Filter>
    </ClInclude>
    <ClInclude Include="SourceEngine\System\ECS\Config\EntityComponentSystemConfig.h">
      <Filter>Header Files</Filter>
    </ClInclude>
    <ClInclude Include="SourceEngine\System\ECS\Coordinator\Cordinator.h">
      <Filter>Header Files</Filter>
    </ClInclude>
    <ClInclude Include="SourceEngine\System\ECS\Coordinator\CordinatorOperator\CordinatorOperator.h">
      <Filter>Header Files</Filter>
    </ClInclude>
    <ClInclude Include="SourceEngine\System\ECS\EntityManager\EntityManager.h">
      <Filter>Header Files</Filter>
    </ClInclude>
    <ClInclude Include="SourceEngine\System\ECS\SystemManager\SystemManager.h">
      <Filter>Header Files</Filter>
    </ClInclude>
    <ClInclude Include="SourceEngine\System\ECS\Systems\System.h">
      <Filter>Header Files</Filter>
    </ClInclude>
    <ClInclude Include="SourceEngine\System\ECS\Systems\Render\RenderSystem.h">
      <Filter>Header Files</Filter>
    </ClInclude>
    <ClInclude Include="SourceEngine\System\GameStates\State.h">
      <Filter>Header Files</Filter>
    </ClInclude>
    <ClInclude Include="SourceEngine\System\GameStates\StateMachine.h">
      <Filter>Header Files</Filter>
    </ClInclude>
    <ClInclude Include="SourceEngine\System\ThreadPool\ThreadPool.h">
      <Filter>Header Files</Filter>
    </ClInclude>
    <ClInclude Include="SourceEngine\Window\Game.h">
      <Filter>Header Files</Filter>
    </ClInclude>
    <ClInclude Include="SourceGame\World\Generation\Cave\CaveGenerator.h">
      <Filter>Header Files</Filter>
    </ClInclude>
    <ClInclude Include="SourceGame\World\Generation\Chunks\Chunk\Chunk.h">
      <Filter>Header Files</Filter>
    </ClInclude>
    <ClInclude Include="SourceGame\World\Generation\Chunks\ChunkBuilder\ChunkBuilder.h">
      <Filter>Header Files</Filter>
    </ClInclude>
    <ClInclude Include="SourceGame\World\Generation\Chunks\ChunkManager\ChunkManager.h">
      <Filter>Header Files</Filter>
    </ClInclude>
    <ClInclude Include="SourceGame\WindowManager\WindowManager.h">
      <Filter>Header Files</Filter>
    </ClInclude>
    <ClInclude Include="SourceGame\Player\Player.h">
      <Filter>Header Files</Filter>
    </ClInclude>
    <ClInclude Include="SourceGame\Player\PlayerInputs.h">
      <Filter>Header Files</Filter>
    </ClInclude>
    <ClInclude Include="SourceGame\Player\PlayerStats.h">
      <Filter>Header Files</Filter>
    </ClInclude>
    <ClInclude Include="SourceGame\MainMenu\MainMenu.h">
      <Filter>Header Files</Filter>
    </ClInclude>
    <ClInclude Include="SourceGame\MainMenu\Buttons\Button.h">
      <Filter>Header Files</Filter>
    </ClInclude>
    <ClInclude Include="SourceGame\MainMenu\Buttons\ActionButtons\ExitButton.h">
      <Filter>Header Files</Filter>
    </ClInclude>
    <ClInclude Include="SourceGame\MainMenu\Buttons\ActionButtons\PlayButton.h">
      <Filter>Header Files</Filter>
    </ClInclude>
    <ClInclude Include="SourceGame\GUI\Inventory\Inventory.h">
      <Filter>Header Files</Filter>
    </ClInclude>
    <ClInclude Include="SourceGame\GUI\Inventory\Item.h">
      <Filter>Header Files</Filter>
    </ClInclude>
    <ClInclude Include="SourceGame\GUI\Inventory\Items\ItemAccessory.h">
      <Filter>Header Files</Filter>
    </ClInclude>
    <ClInclude Include="SourceGame\GUI\Inventory\Items\ItemSpell.h">
      <Filter>Header Files</Filter>
    </ClInclude>
    <ClInclude Include="SourceGame\GUI\Inventory\Items\ItemStaff.h">
      <Filter>Header Files</Filter>
    </ClInclude>
    <ClInclude Include="SourceGame\GameManager\GameState\GameLoop.h">
      <Filter>Header Files</Filter>
    </ClInclude>
    <ClInclude Include="SourceGame\Entities\Entity.h">
      <Filter>Header Files</Filter>
    </ClInclude>
    <ClInclude Include="SourceGame\Entities\EntityCollisionHandler.h">
      <Filter>Header Files</Filter>
    </ClInclude>
    <ClInclude Include="SourceGame\Entities\MovableEntity.h">
      <Filter>Header Files</Filter>
    </ClInclude>
    <ClInclude Include="SourceEngine\System\ECS\Systems\PlayerInput\PlayerInputSystem.h">
      <Filter>Header Files</Filter>
    </ClInclude>
    <ClInclude Include="SourceEngine\System\ECS\Systems\Movement\MovementSystem.h">
      <Filter>Header Files</Filter>
    </ClInclude>
    <ClInclude Include="SourceGame\Entities\Prefabs\PlayerPrefab\PlayerPrefab.h">
      <Filter>Header Files</Filter>
    </ClInclude>
    <ClInclude Include="SourceEngine\System\ECS\Systems\Systems.h">
      <Filter>Header Files</Filter>
    </ClInclude>
    <ClInclude Include="SourceEngine\System\ECS\Systems\Animation\AnimationSystem.h">
      <Filter>Header Files</Filter>
    </ClInclude>
    <ClInclude Include="SourceEngine\System\ECS\Systems\Inventory\InventorySystem.h">
      <Filter>Header Files</Filter>
    </ClInclude>
    <ClInclude Include="SourceEngine\System\ECS\Systems\Collisions\CollisionSystem.h">
      <Filter>Header Files</Filter>
    </ClInclude>
  </ItemGroup>
  <ItemGroup>
    <Text Include="SourceGame\World\Generation\Chunks\MatrixThings.txt" />
  </ItemGroup>
  <ItemGroup>
    <None Include="SourceGame\Shaders\MainMenuShaders\Background.frag" />
    <None Include="SourceGame\Shaders\MainMenuShaders\Background.vert" />
  </ItemGroup>
</Project>