<?xml version="1.0" encoding="utf-8"?>
<Project ToolsVersion="4.0" xmlns="http://schemas.microsoft.com/developer/msbuild/2003">
  <ItemGroup>
    <ClCompile Include="Koodit\GameManager\ActualGame\GameLoop.cpp" />
    <ClCompile Include="Koodit\MainMenu\Buttons\ActionButtons\ExitButton.cpp" />
    <ClCompile Include="Koodit\MainMenu\Buttons\Button.cpp" />
    <ClCompile Include="Koodit\Utils\Animation\AnimationHandler.cpp" />
    <ClCompile Include="Koodit\GameManager\Game.cpp" />
    <ClCompile Include="Koodit\DawnOfTheRats.cpp" />
    <ClCompile Include="Koodit\MainMenu\MainMenu.cpp" />
    <ClCompile Include="Koodit\Visuals\Texts\Text.cpp" />
    <ClCompile Include="Koodit\GameManager\States\StateMachine.cpp" />
    <ClCompile Include="Koodit\MainMenu\Buttons\ActionButtons\PlayButton.cpp" />
    <ClCompile Include="Koodit\World\Generation\WorldCreator\WorldCreator.cpp" />
    <ClCompile Include="Koodit\Player\Player.cpp" />
    <ClCompile Include="Koodit\World\Generation\PerlinNoice\PerlineNoise.cpp" />
  </ItemGroup>
  <ItemGroup>
    <ClInclude Include="Koodit\GameManager\ActualGame\GameLoop.h" />
    <ClInclude Include="Koodit\GameManager\States\State.h" />
    <ClInclude Include="Koodit\Utils\Assets\AssetManager.h" />
    <ClInclude Include="Koodit\MainMenu\Buttons\ActionButtons\ExitButton.h" />
    <ClInclude Include="Koodit\MainMenu\Buttons\Button.h" />
    <ClInclude Include="Koodit\Utils\Animation\AnimationHandler.h" />
    <ClInclude Include="Koodit\MainMenu\Button.h" />
    <ClInclude Include="Koodit\GameManager\Game.h" />
    <ClInclude Include="Koodit\MainMenu\MainMenu.h" />
    <ClInclude Include="Koodit\Visuals\Texts\Text.h" />
    <ClInclude Include="Koodit\MainMenu\Buttons\ActionButtons\PlayButton.h" />
    <ClInclude Include="Koodit\GameManager\States\StateMachine.h" />
    <ClInclude Include="Koodit\World\Generation\WorldCreator\WorldCreator.h" />
    <ClInclude Include="Koodit\Player\Player.h" />
    <ClInclude Include="Koodit\World\Generation\WorldCreator\CaveGenerator.h" />
    <ClInclude Include="Koodit\World\Generation\PerlinNoice\PerlineNoice.hpp" />
  </ItemGroup>
  <ItemGroup>
    <Font Include="Fonts\yoster.ttf" />
  </ItemGroup>
  <ItemGroup>
    <None Include="openal32.dll" />
    <None Include="ProfilingJuttu.prof" />
    <None Include="README.md" />
    <None Include="sfml-audio-2.dll" />
    <None Include="sfml-audio-d-2.dll" />
    <None Include="sfml-graphics-2.dll" />
    <None Include="sfml-graphics-d-2.dll" />
    <None Include="sfml-network-2.dll" />
    <None Include="sfml-network-d-2.dll" />
    <None Include="sfml-system-2.dll" />
    <None Include="sfml-system-d-2.dll" />
    <None Include="sfml-window-2.dll" />
    <None Include="sfml-window-d-2.dll" />
    <None Include="Shaders\MainMenuShaders\Background.vert" />
    <None Include="Shaders\MainMenuShaders\Background.frag" />
  </ItemGroup>
  <ItemGroup>
    <Text Include="ToDo.txt" />
  </ItemGroup>
</Project>